
Microsoft Visual Studio Solution File, Format Version 12.00
# Visual Studio Version 17
VisualStudioVersion = 17.9.34616.47
MinimumVisualStudioVersion = 10.0.40219.1
Project("{FAE04EC0-301F-11D3-BF4B-00C04F79EFBC}") = "ankeStudyGroup", "ankeStudyGroup\ankeStudyGroup.csproj", "{C7EC23E4-9D0B-4BA4-8C0B-688B1176A47B}"
EndProject
Global
	GlobalSection(SolutionConfigurationPlatforms) = preSolution
		Debug|Any CPU = Debug|Any CPU
		Release|Any CPU = Release|Any CPU
	EndGlobalSection
	GlobalSection(ProjectConfigurationPlatforms) = postSolution
		{C7EC23E4-9D0B-4BA4-8C0B-688B1176A47B}.Debug|Any CPU.ActiveCfg = Debug|Any CPU
		{C7EC23E4-9D0B-4BA4-8C0B-688B1176A47B}.Debug|Any CPU.Build.0 = Debug|Any CPU
		{C7EC23E4-9D0B-4BA4-8C0B-688B1176A47B}.Release|Any CPU.ActiveCfg = Release|Any CPU
		{C7EC23E4-9D0B-4BA4-8C0B-688B1176A47B}.Release|Any CPU.Build.0 = Release|Any CPU
	EndGlobalSection
	GlobalSection(SolutionProperties) = preSolution
		HideSolutionNode = FALSE
	EndGlobalSection
	GlobalSection(ExtensibilityGlobals) = postSolution
		SolutionGuid = {5115C375-4FA6-4FCD-837D-C068B983FA6B}
	EndGlobalSection
EndGlobal
